// !$*UTF8*$!
{
	archiveVersion = 1;
	classes = {
	};
	objectVersion = 55;
	objects = {

/* Begin PBXBuildFile section */
		0C022BE527A42C7B00B2E88A /* AppDelegate.swift in Sources */ = {isa = PBXBuildFile; fileRef = 0C022BE427A42C7B00B2E88A /* AppDelegate.swift */; };
		0C022BEB27A42C7B00B2E88A /* GameScene.swift in Sources */ = {isa = PBXBuildFile; fileRef = 0C022BEA27A42C7B00B2E88A /* GameScene.swift */; };
		0C022BED27A42C7B00B2E88A /* GameViewController.swift in Sources */ = {isa = PBXBuildFile; fileRef = 0C022BEC27A42C7B00B2E88A /* GameViewController.swift */; };
		0C022BF027A42C7B00B2E88A /* Main.storyboard in Resources */ = {isa = PBXBuildFile; fileRef = 0C022BEE27A42C7B00B2E88A /* Main.storyboard */; };
		0C022BF227A42C7D00B2E88A /* Assets.xcassets in Resources */ = {isa = PBXBuildFile; fileRef = 0C022BF127A42C7D00B2E88A /* Assets.xcassets */; };
		0C022BF527A42C7D00B2E88A /* LaunchScreen.storyboard in Resources */ = {isa = PBXBuildFile; fileRef = 0C022BF327A42C7D00B2E88A /* LaunchScreen.storyboard */; };
		0C022BFD27A42CB300B2E88A /* SKScene+Trunk.swift in Sources */ = {isa = PBXBuildFile; fileRef = 0C022BFC27A42CB300B2E88A /* SKScene+Trunk.swift */; };
		0C022BFF27A42CCC00B2E88A /* Trunk.swift in Sources */ = {isa = PBXBuildFile; fileRef = 0C022BFE27A42CCC00B2E88A /* Trunk.swift */; };
		0C022C0127A61DF200B2E88A /* GameOverOverlay.swift in Sources */ = {isa = PBXBuildFile; fileRef = 0C022C0027A61DF200B2E88A /* GameOverOverlay.swift */; };
		0C022C0327A81A7600B2E88A /* SKScene+GameOverOverlay.swift in Sources */ = {isa = PBXBuildFile; fileRef = 0C022C0227A81A7600B2E88A /* SKScene+GameOverOverlay.swift */; };
		0C244F5C27C41AE500541B36 /* Coin.swift in Sources */ = {isa = PBXBuildFile; fileRef = 0C244F5B27C41AE500541B36 /* Coin.swift */; };
		0C244F5E27C441C900541B36 /* CoinManager.swift in Sources */ = {isa = PBXBuildFile; fileRef = 0C244F5D27C441C900541B36 /* CoinManager.swift */; };
		0C3B078C27BEDCE1008D2E6B /* AdSupport.framework in Frameworks */ = {isa = PBXBuildFile; fileRef = 0C3B078A27BEDC71008D2E6B /* AdSupport.framework */; };
		0C3B078E27BEDCE8008D2E6B /* AppTrackingTransparency.framework in Frameworks */ = {isa = PBXBuildFile; fileRef = 0C3B078D27BEDCE7008D2E6B /* AppTrackingTransparency.framework */; };
		0C4616D227AC118D0035EC39 /* DifficultyManager.swift in Sources */ = {isa = PBXBuildFile; fileRef = 0C4616D127AC118D0035EC39 /* DifficultyManager.swift */; };
		0C4616D527AC5E890035EC39 /* HorizontalScreenSide.swift in Sources */ = {isa = PBXBuildFile; fileRef = 0C4616D427AC5E890035EC39 /* HorizontalScreenSide.swift */; };
		0C5DC99527AAC56600EE79E8 /* Intro.swift in Sources */ = {isa = PBXBuildFile; fileRef = 0C5DC99427AAC56600EE79E8 /* Intro.swift */; };
		0C5DC99727AACD1700EE79E8 /* SKScene+Intro.swift in Sources */ = {isa = PBXBuildFile; fileRef = 0C5DC99627AACD1700EE79E8 /* SKScene+Intro.swift */; };
		0C810E3327B5344D00B9989E /* GoogleService-Info.plist in Resources */ = {isa = PBXBuildFile; fileRef = 0C810E3227B5344D00B9989E /* GoogleService-Info.plist */; };
		0C810E3627B5405A00B9989E /* GameCrashlytics.swift in Sources */ = {isa = PBXBuildFile; fileRef = 0C810E3527B5405A00B9989E /* GameCrashlytics.swift */; };
		0C810E3827B54BA700B9989E /* GameAnalytics.swift in Sources */ = {isa = PBXBuildFile; fileRef = 0C810E3727B54BA700B9989E /* GameAnalytics.swift */; };
		0C810E3A27B5532700B9989E /* CauseOfGameOver.swift in Sources */ = {isa = PBXBuildFile; fileRef = 0C810E3927B5532700B9989E /* CauseOfGameOver.swift */; };
		0C9603E027AD55BF000F31E1 /* CGPoint+.swift in Sources */ = {isa = PBXBuildFile; fileRef = 0C9603DF27AD55BF000F31E1 /* CGPoint+.swift */; };
		0C9603E427AEC21D000F31E1 /* GameInstructions.swift in Sources */ = {isa = PBXBuildFile; fileRef = 0C9603E327AEC21D000F31E1 /* GameInstructions.swift */; };
		0C9603E627AECE27000F31E1 /* SKScene+GameInstructions.swift in Sources */ = {isa = PBXBuildFile; fileRef = 0C9603E527AECE27000F31E1 /* SKScene+GameInstructions.swift */; };
		0C9603E827AF2837000F31E1 /* GameCamera.swift in Sources */ = {isa = PBXBuildFile; fileRef = 0C9603E727AF2837000F31E1 /* GameCamera.swift */; };
		0C9603EA27AF2930000F31E1 /* SKScene+GameCamera.swift in Sources */ = {isa = PBXBuildFile; fileRef = 0C9603E927AF2930000F31E1 /* SKScene+GameCamera.swift */; };
		0C9603FC27B2BA74000F31E1 /* MenuView.swift in Sources */ = {isa = PBXBuildFile; fileRef = 0C9603FB27B2BA74000F31E1 /* MenuView.swift */; };
		0C98113127BB129D00E3F0F3 /* Fire.swift in Sources */ = {isa = PBXBuildFile; fileRef = 0C98113027BB129D00E3F0F3 /* Fire.swift */; };
		75100A5327A58769006ACB87 /* SKScene+Branch.swift in Sources */ = {isa = PBXBuildFile; fileRef = 75100A5227A58769006ACB87 /* SKScene+Branch.swift */; };
		75100A5527A5AA81006ACB87 /* Background.swift in Sources */ = {isa = PBXBuildFile; fileRef = 75100A5427A5AA81006ACB87 /* Background.swift */; };
		75100A5727A5AD51006ACB87 /* SKScene+Background.swift in Sources */ = {isa = PBXBuildFile; fileRef = 75100A5627A5AD51006ACB87 /* SKScene+Background.swift */; };
		75100A5927A5B51F006ACB87 /* GameStatus.swift in Sources */ = {isa = PBXBuildFile; fileRef = 75100A5827A5B51F006ACB87 /* GameStatus.swift */; };
		75100A5B27A5B5A5006ACB87 /* Walls.swift in Sources */ = {isa = PBXBuildFile; fileRef = 75100A5A27A5B5A5006ACB87 /* Walls.swift */; };
		75100A6027A5CF80006ACB87 /* LittleBranch.swift in Sources */ = {isa = PBXBuildFile; fileRef = 75100A5F27A5CF80006ACB87 /* LittleBranch.swift */; };
		75100A6227A5D2D3006ACB87 /* SKScene+LittleTrunk.swift in Sources */ = {isa = PBXBuildFile; fileRef = 75100A6127A5D2D3006ACB87 /* SKScene+LittleTrunk.swift */; };
		75100A6627A60054006ACB87 /* Sun.swift in Sources */ = {isa = PBXBuildFile; fileRef = 75100A6527A60054006ACB87 /* Sun.swift */; };
		75100A6827A600CF006ACB87 /* SKScene+Sun.swift in Sources */ = {isa = PBXBuildFile; fileRef = 75100A6727A600CF006ACB87 /* SKScene+Sun.swift */; };
		751C816727BBEF2E009F65E3 /* GameKit.framework in Frameworks */ = {isa = PBXBuildFile; fileRef = 751C816627BBEF2E009F65E3 /* GameKit.framework */; };
		7543750127B689120017A658 /* AdManager.swift in Sources */ = {isa = PBXBuildFile; fileRef = 7543750027B689120017A658 /* AdManager.swift */; };
		7549C06127A574CE009E993B /* Branch.swift in Sources */ = {isa = PBXBuildFile; fileRef = 7549C06027A574CE009E993B /* Branch.swift */; };
		7569C39F27C6700000A509C3 /* ShopManager.swift in Sources */ = {isa = PBXBuildFile; fileRef = 7569C39E27C6700000A509C3 /* ShopManager.swift */; };
		7569C3A127C6703500A509C3 /* ShopItem.swift in Sources */ = {isa = PBXBuildFile; fileRef = 7569C3A027C6703500A509C3 /* ShopItem.swift */; };
		7569C3A327C6774700A509C3 /* UnderShopViewController.swift in Sources */ = {isa = PBXBuildFile; fileRef = 7569C3A227C6774700A509C3 /* UnderShopViewController.swift */; };
		7569C3A627C6778400A509C3 /* UnderShopView.swift in Sources */ = {isa = PBXBuildFile; fileRef = 7569C3A527C6778300A509C3 /* UnderShopView.swift */; };
		7569C3A827C6792F00A509C3 /* ShopItemView.swift in Sources */ = {isa = PBXBuildFile; fileRef = 7569C3A727C6792F00A509C3 /* ShopItemView.swift */; };
		7569C3AA27C67A7000A509C3 /* UserCoinsView.swift in Sources */ = {isa = PBXBuildFile; fileRef = 7569C3A927C67A7000A509C3 /* UserCoinsView.swift */; };
		7569C3AC27C7AA3C00A509C3 /* PurchaseButton.swift in Sources */ = {isa = PBXBuildFile; fileRef = 7569C3AB27C7AA3C00A509C3 /* PurchaseButton.swift */; };
		7569C3AF27C7B6DD00A509C3 /* Sketch.ttf in Resources */ = {isa = PBXBuildFile; fileRef = 7569C3AE27C7B6DD00A509C3 /* Sketch.ttf */; };
		7569C3B127C91E6900A509C3 /* HomeButtons.swift in Sources */ = {isa = PBXBuildFile; fileRef = 7569C3B027C91E6900A509C3 /* HomeButtons.swift */; };
		7569C3B327CE72D600A509C3 /* ExitButton.swift in Sources */ = {isa = PBXBuildFile; fileRef = 7569C3B227CE72D600A509C3 /* ExitButton.swift */; };
		756C9F7A27BB2EEE00B011F0 /* AchievementManager.swift in Sources */ = {isa = PBXBuildFile; fileRef = 756C9F7927BB2EEE00B011F0 /* AchievementManager.swift */; };
		757BBD4F27A9592300827E15 /* Scoreboard.swift in Sources */ = {isa = PBXBuildFile; fileRef = 757BBD4E27A9592300827E15 /* Scoreboard.swift */; };
		758812BA27A81E5C00CB693A /* Score.swift in Sources */ = {isa = PBXBuildFile; fileRef = 758812B927A81E5C00CB693A /* Score.swift */; };
		75EAA84A27B2CD1E00FFC8EF /* MusicPlayer.swift in Sources */ = {isa = PBXBuildFile; fileRef = 75EAA84927B2CD1E00FFC8EF /* MusicPlayer.swift */; };
		75EAA84C27B2CD8600FFC8EF /* background.mp3 in Resources */ = {isa = PBXBuildFile; fileRef = 75EAA84B27B2CD8600FFC8EF /* background.mp3 */; };
		9FB252E21A7E1355EB83ACF2 /* Pods_the_seed_game.framework in Frameworks */ = {isa = PBXBuildFile; fileRef = 940A4433604D922E5C27D433 /* Pods_the_seed_game.framework */; };
/* End PBXBuildFile section */

/* Begin PBXFileReference section */
		0C022BE127A42C7B00B2E88A /* GGiant.app */ = {isa = PBXFileReference; explicitFileType = wrapper.application; includeInIndex = 0; path = GGiant.app; sourceTree = BUILT_PRODUCTS_DIR; };
		0C022BE427A42C7B00B2E88A /* AppDelegate.swift */ = {isa = PBXFileReference; lastKnownFileType = sourcecode.swift; path = AppDelegate.swift; sourceTree = "<group>"; };
		0C022BEA27A42C7B00B2E88A /* GameScene.swift */ = {isa = PBXFileReference; lastKnownFileType = sourcecode.swift; path = GameScene.swift; sourceTree = "<group>"; };
		0C022BEC27A42C7B00B2E88A /* GameViewController.swift */ = {isa = PBXFileReference; lastKnownFileType = sourcecode.swift; path = GameViewController.swift; sourceTree = "<group>"; };
		0C022BEF27A42C7B00B2E88A /* Base */ = {isa = PBXFileReference; lastKnownFileType = file.storyboard; name = Base; path = Base.lproj/Main.storyboard; sourceTree = "<group>"; };
		0C022BF127A42C7D00B2E88A /* Assets.xcassets */ = {isa = PBXFileReference; lastKnownFileType = folder.assetcatalog; path = Assets.xcassets; sourceTree = "<group>"; };
		0C022BF427A42C7D00B2E88A /* Base */ = {isa = PBXFileReference; lastKnownFileType = file.storyboard; name = Base; path = Base.lproj/LaunchScreen.storyboard; sourceTree = "<group>"; };
		0C022BFC27A42CB300B2E88A /* SKScene+Trunk.swift */ = {isa = PBXFileReference; lastKnownFileType = sourcecode.swift; path = "SKScene+Trunk.swift"; sourceTree = "<group>"; };
		0C022BFE27A42CCC00B2E88A /* Trunk.swift */ = {isa = PBXFileReference; lastKnownFileType = sourcecode.swift; path = Trunk.swift; sourceTree = "<group>"; };
		0C022C0027A61DF200B2E88A /* GameOverOverlay.swift */ = {isa = PBXFileReference; lastKnownFileType = sourcecode.swift; path = GameOverOverlay.swift; sourceTree = "<group>"; };
		0C022C0227A81A7600B2E88A /* SKScene+GameOverOverlay.swift */ = {isa = PBXFileReference; lastKnownFileType = sourcecode.swift; path = "SKScene+GameOverOverlay.swift"; sourceTree = "<group>"; };
		0C244F5B27C41AE500541B36 /* Coin.swift */ = {isa = PBXFileReference; lastKnownFileType = sourcecode.swift; path = Coin.swift; sourceTree = "<group>"; };
		0C244F5D27C441C900541B36 /* CoinManager.swift */ = {isa = PBXFileReference; lastKnownFileType = sourcecode.swift; path = CoinManager.swift; sourceTree = "<group>"; };
		0C3B078A27BEDC71008D2E6B /* AdSupport.framework */ = {isa = PBXFileReference; lastKnownFileType = wrapper.framework; name = AdSupport.framework; path = System/Library/Frameworks/AdSupport.framework; sourceTree = SDKROOT; };
		0C3B078D27BEDCE7008D2E6B /* AppTrackingTransparency.framework */ = {isa = PBXFileReference; lastKnownFileType = wrapper.framework; name = AppTrackingTransparency.framework; path = System/Library/Frameworks/AppTrackingTransparency.framework; sourceTree = SDKROOT; };
		0C4616D127AC118D0035EC39 /* DifficultyManager.swift */ = {isa = PBXFileReference; lastKnownFileType = sourcecode.swift; path = DifficultyManager.swift; sourceTree = "<group>"; };
		0C4616D427AC5E890035EC39 /* HorizontalScreenSide.swift */ = {isa = PBXFileReference; lastKnownFileType = sourcecode.swift; path = HorizontalScreenSide.swift; sourceTree = "<group>"; };
		0C5DC99427AAC56600EE79E8 /* Intro.swift */ = {isa = PBXFileReference; lastKnownFileType = sourcecode.swift; path = Intro.swift; sourceTree = "<group>"; };
		0C5DC99627AACD1700EE79E8 /* SKScene+Intro.swift */ = {isa = PBXFileReference; lastKnownFileType = sourcecode.swift; path = "SKScene+Intro.swift"; sourceTree = "<group>"; };
		0C810E3227B5344D00B9989E /* GoogleService-Info.plist */ = {isa = PBXFileReference; fileEncoding = 4; lastKnownFileType = text.plist.xml; path = "GoogleService-Info.plist"; sourceTree = "<group>"; };
		0C810E3527B5405A00B9989E /* GameCrashlytics.swift */ = {isa = PBXFileReference; lastKnownFileType = sourcecode.swift; path = GameCrashlytics.swift; sourceTree = "<group>"; };
		0C810E3727B54BA700B9989E /* GameAnalytics.swift */ = {isa = PBXFileReference; lastKnownFileType = sourcecode.swift; path = GameAnalytics.swift; sourceTree = "<group>"; };
		0C810E3927B5532700B9989E /* CauseOfGameOver.swift */ = {isa = PBXFileReference; lastKnownFileType = sourcecode.swift; path = CauseOfGameOver.swift; sourceTree = "<group>"; };
		0C9603DF27AD55BF000F31E1 /* CGPoint+.swift */ = {isa = PBXFileReference; lastKnownFileType = sourcecode.swift; path = "CGPoint+.swift"; sourceTree = "<group>"; };
		0C9603E327AEC21D000F31E1 /* GameInstructions.swift */ = {isa = PBXFileReference; lastKnownFileType = sourcecode.swift; path = GameInstructions.swift; sourceTree = "<group>"; };
		0C9603E527AECE27000F31E1 /* SKScene+GameInstructions.swift */ = {isa = PBXFileReference; lastKnownFileType = sourcecode.swift; path = "SKScene+GameInstructions.swift"; sourceTree = "<group>"; };
		0C9603E727AF2837000F31E1 /* GameCamera.swift */ = {isa = PBXFileReference; lastKnownFileType = sourcecode.swift; path = GameCamera.swift; sourceTree = "<group>"; };
		0C9603E927AF2930000F31E1 /* SKScene+GameCamera.swift */ = {isa = PBXFileReference; lastKnownFileType = sourcecode.swift; path = "SKScene+GameCamera.swift"; sourceTree = "<group>"; };
		0C9603FB27B2BA74000F31E1 /* MenuView.swift */ = {isa = PBXFileReference; lastKnownFileType = sourcecode.swift; path = MenuView.swift; sourceTree = "<group>"; };
		0C98113027BB129D00E3F0F3 /* Fire.swift */ = {isa = PBXFileReference; lastKnownFileType = sourcecode.swift; path = Fire.swift; sourceTree = "<group>"; };
		4EC6E76C9C391AD77D7D8729 /* Pods-the-seed-game.release.xcconfig */ = {isa = PBXFileReference; includeInIndex = 1; lastKnownFileType = text.xcconfig; name = "Pods-the-seed-game.release.xcconfig"; path = "Target Support Files/Pods-the-seed-game/Pods-the-seed-game.release.xcconfig"; sourceTree = "<group>"; };
		75100A5227A58769006ACB87 /* SKScene+Branch.swift */ = {isa = PBXFileReference; lastKnownFileType = sourcecode.swift; path = "SKScene+Branch.swift"; sourceTree = "<group>"; };
		75100A5427A5AA81006ACB87 /* Background.swift */ = {isa = PBXFileReference; lastKnownFileType = sourcecode.swift; path = Background.swift; sourceTree = "<group>"; };
		75100A5627A5AD51006ACB87 /* SKScene+Background.swift */ = {isa = PBXFileReference; lastKnownFileType = sourcecode.swift; path = "SKScene+Background.swift"; sourceTree = "<group>"; };
		75100A5827A5B51F006ACB87 /* GameStatus.swift */ = {isa = PBXFileReference; lastKnownFileType = sourcecode.swift; path = GameStatus.swift; sourceTree = "<group>"; };
		75100A5A27A5B5A5006ACB87 /* Walls.swift */ = {isa = PBXFileReference; lastKnownFileType = sourcecode.swift; path = Walls.swift; sourceTree = "<group>"; };
		75100A5F27A5CF80006ACB87 /* LittleBranch.swift */ = {isa = PBXFileReference; lastKnownFileType = sourcecode.swift; path = LittleBranch.swift; sourceTree = "<group>"; };
		75100A6127A5D2D3006ACB87 /* SKScene+LittleTrunk.swift */ = {isa = PBXFileReference; lastKnownFileType = sourcecode.swift; path = "SKScene+LittleTrunk.swift"; sourceTree = "<group>"; };
		75100A6527A60054006ACB87 /* Sun.swift */ = {isa = PBXFileReference; lastKnownFileType = sourcecode.swift; path = Sun.swift; sourceTree = "<group>"; };
		75100A6727A600CF006ACB87 /* SKScene+Sun.swift */ = {isa = PBXFileReference; lastKnownFileType = sourcecode.swift; path = "SKScene+Sun.swift"; sourceTree = "<group>"; };
		751C816627BBEF2E009F65E3 /* GameKit.framework */ = {isa = PBXFileReference; lastKnownFileType = wrapper.framework; name = GameKit.framework; path = System/Library/Frameworks/GameKit.framework; sourceTree = SDKROOT; };
		754374FE27B685FF0017A658 /* Info.plist */ = {isa = PBXFileReference; lastKnownFileType = text.plist; path = Info.plist; sourceTree = "<group>"; };
		7543750027B689120017A658 /* AdManager.swift */ = {isa = PBXFileReference; lastKnownFileType = sourcecode.swift; path = AdManager.swift; sourceTree = "<group>"; };
		7549C06027A574CE009E993B /* Branch.swift */ = {isa = PBXFileReference; lastKnownFileType = sourcecode.swift; path = Branch.swift; sourceTree = "<group>"; };
		7569C39E27C6700000A509C3 /* ShopManager.swift */ = {isa = PBXFileReference; lastKnownFileType = sourcecode.swift; path = ShopManager.swift; sourceTree = "<group>"; };
		7569C3A027C6703500A509C3 /* ShopItem.swift */ = {isa = PBXFileReference; lastKnownFileType = sourcecode.swift; path = ShopItem.swift; sourceTree = "<group>"; };
		7569C3A227C6774700A509C3 /* UnderShopViewController.swift */ = {isa = PBXFileReference; lastKnownFileType = sourcecode.swift; path = UnderShopViewController.swift; sourceTree = "<group>"; };
		7569C3A527C6778300A509C3 /* UnderShopView.swift */ = {isa = PBXFileReference; lastKnownFileType = sourcecode.swift; path = UnderShopView.swift; sourceTree = "<group>"; };
		7569C3A727C6792F00A509C3 /* ShopItemView.swift */ = {isa = PBXFileReference; lastKnownFileType = sourcecode.swift; path = ShopItemView.swift; sourceTree = "<group>"; };
		7569C3A927C67A7000A509C3 /* UserCoinsView.swift */ = {isa = PBXFileReference; lastKnownFileType = sourcecode.swift; path = UserCoinsView.swift; sourceTree = "<group>"; };
		7569C3AB27C7AA3C00A509C3 /* PurchaseButton.swift */ = {isa = PBXFileReference; lastKnownFileType = sourcecode.swift; path = PurchaseButton.swift; sourceTree = "<group>"; };
		7569C3AE27C7B6DD00A509C3 /* Sketch.ttf */ = {isa = PBXFileReference; lastKnownFileType = file; path = Sketch.ttf; sourceTree = "<group>"; };
		7569C3B027C91E6900A509C3 /* HomeButtons.swift */ = {isa = PBXFileReference; lastKnownFileType = sourcecode.swift; path = HomeButtons.swift; sourceTree = "<group>"; };
		7569C3B227CE72D600A509C3 /* ExitButton.swift */ = {isa = PBXFileReference; lastKnownFileType = sourcecode.swift; path = ExitButton.swift; sourceTree = "<group>"; };
		756C9F7927BB2EEE00B011F0 /* AchievementManager.swift */ = {isa = PBXFileReference; lastKnownFileType = sourcecode.swift; path = AchievementManager.swift; sourceTree = "<group>"; };
		757BBD4E27A9592300827E15 /* Scoreboard.swift */ = {isa = PBXFileReference; lastKnownFileType = sourcecode.swift; path = Scoreboard.swift; sourceTree = "<group>"; };
		758812B927A81E5C00CB693A /* Score.swift */ = {isa = PBXFileReference; lastKnownFileType = sourcecode.swift; path = Score.swift; sourceTree = "<group>"; };
		75EAA84927B2CD1E00FFC8EF /* MusicPlayer.swift */ = {isa = PBXFileReference; lastKnownFileType = sourcecode.swift; path = MusicPlayer.swift; sourceTree = "<group>"; };
		75EAA84B27B2CD8600FFC8EF /* background.mp3 */ = {isa = PBXFileReference; lastKnownFileType = audio.mp3; path = background.mp3; sourceTree = "<group>"; };
		940A4433604D922E5C27D433 /* Pods_the_seed_game.framework */ = {isa = PBXFileReference; explicitFileType = wrapper.framework; includeInIndex = 0; path = Pods_the_seed_game.framework; sourceTree = BUILT_PRODUCTS_DIR; };
		B8F704CA60D0C1A95D98FB7B /* Pods-the-seed-game.debug.xcconfig */ = {isa = PBXFileReference; includeInIndex = 1; lastKnownFileType = text.xcconfig; name = "Pods-the-seed-game.debug.xcconfig"; path = "Target Support Files/Pods-the-seed-game/Pods-the-seed-game.debug.xcconfig"; sourceTree = "<group>"; };
/* End PBXFileReference section */

/* Begin PBXFrameworksBuildPhase section */
		0C022BDE27A42C7B00B2E88A /* Frameworks */ = {
			isa = PBXFrameworksBuildPhase;
			buildActionMask = 2147483647;
			files = (
				0C3B078E27BEDCE8008D2E6B /* AppTrackingTransparency.framework in Frameworks */,
				9FB252E21A7E1355EB83ACF2 /* Pods_the_seed_game.framework in Frameworks */,
				751C816727BBEF2E009F65E3 /* GameKit.framework in Frameworks */,
				0C3B078C27BEDCE1008D2E6B /* AdSupport.framework in Frameworks */,
			);
			runOnlyForDeploymentPostprocessing = 0;
		};
/* End PBXFrameworksBuildPhase section */

/* Begin PBXGroup section */
		0C022BD827A42C7B00B2E88A = {
			isa = PBXGroup;
			children = (
				0C022BE327A42C7B00B2E88A /* the-seed-game */,
				0C022BE227A42C7B00B2E88A /* Products */,
				EA384D244D870DC8BCEEE9C2 /* Pods */,
				177AFC5A85B58B7D77A42D11 /* Frameworks */,
			);
			sourceTree = "<group>";
		};
		0C022BE227A42C7B00B2E88A /* Products */ = {
			isa = PBXGroup;
			children = (
				0C022BE127A42C7B00B2E88A /* GGiant.app */,
			);
			name = Products;
			sourceTree = "<group>";
		};
		0C022BE327A42C7B00B2E88A /* the-seed-game */ = {
			isa = PBXGroup;
			children = (
				0C810E3227B5344D00B9989E /* GoogleService-Info.plist */,
				754374FE27B685FF0017A658 /* Info.plist */,
				0C022BFB27A42CA300B2E88A /* Utils */,
				0C9603FA27B2BA63000F31E1 /* Views */,
				75100A5E27A5CF69006ACB87 /* Models */,
				0C022BE427A42C7B00B2E88A /* AppDelegate.swift */,
				75100A5827A5B51F006ACB87 /* GameStatus.swift */,
				0C022BEE27A42C7B00B2E88A /* Main.storyboard */,
				0C022BF127A42C7D00B2E88A /* Assets.xcassets */,
				7569C3AE27C7B6DD00A509C3 /* Sketch.ttf */,
				75EAA84B27B2CD8600FFC8EF /* background.mp3 */,
				0C022BF327A42C7D00B2E88A /* LaunchScreen.storyboard */,
			);
			path = "the-seed-game";
			sourceTree = "<group>";
		};
		0C022BFB27A42CA300B2E88A /* Utils */ = {
			isa = PBXGroup;
			children = (
				757BBD4D27A9590F00827E15 /* Singletons */,
				0C4616D327AC11920035EC39 /* Managers */,
				0C4616CF27AC10ED0035EC39 /* Extensions */,
			);
			path = Utils;
			sourceTree = "<group>";
		};
		0C4616CF27AC10ED0035EC39 /* Extensions */ = {
			isa = PBXGroup;
			children = (
				0C022BFC27A42CB300B2E88A /* SKScene+Trunk.swift */,
				75100A6127A5D2D3006ACB87 /* SKScene+LittleTrunk.swift */,
				75100A6727A600CF006ACB87 /* SKScene+Sun.swift */,
				75100A5627A5AD51006ACB87 /* SKScene+Background.swift */,
				75100A5227A58769006ACB87 /* SKScene+Branch.swift */,
				0C022C0227A81A7600B2E88A /* SKScene+GameOverOverlay.swift */,
				0C5DC99627AACD1700EE79E8 /* SKScene+Intro.swift */,
				0C9603E527AECE27000F31E1 /* SKScene+GameInstructions.swift */,
				0C9603E927AF2930000F31E1 /* SKScene+GameCamera.swift */,
				0C9603DF27AD55BF000F31E1 /* CGPoint+.swift */,
			);
			path = Extensions;
			sourceTree = "<group>";
		};
		0C4616D327AC11920035EC39 /* Managers */ = {
			isa = PBXGroup;
			children = (
				754374FF27B688FF0017A658 /* GoogleAds */,
				0C4616D127AC118D0035EC39 /* DifficultyManager.swift */,
				756C9F7927BB2EEE00B011F0 /* AchievementManager.swift */,
				7569C39E27C6700000A509C3 /* ShopManager.swift */,
			);
			path = Managers;
			sourceTree = "<group>";
		};
		0C9603FA27B2BA63000F31E1 /* Views */ = {
			isa = PBXGroup;
			children = (
				7569C3A427C6775B00A509C3 /* Components */,
				0C022BEA27A42C7B00B2E88A /* GameScene.swift */,
				0C022BEC27A42C7B00B2E88A /* GameViewController.swift */,
				7569C3A227C6774700A509C3 /* UnderShopViewController.swift */,
			);
			path = Views;
			sourceTree = "<group>";
		};
		177AFC5A85B58B7D77A42D11 /* Frameworks */ = {
			isa = PBXGroup;
			children = (
				751C816627BBEF2E009F65E3 /* GameKit.framework */,
				0C3B078D27BEDCE7008D2E6B /* AppTrackingTransparency.framework */,
				0C3B078A27BEDC71008D2E6B /* AdSupport.framework */,
				940A4433604D922E5C27D433 /* Pods_the_seed_game.framework */,
			);
			name = Frameworks;
			sourceTree = "<group>";
		};
		75100A5E27A5CF69006ACB87 /* Models */ = {
			isa = PBXGroup;
			children = (
				75100A5A27A5B5A5006ACB87 /* Walls.swift */,
				75100A5F27A5CF80006ACB87 /* LittleBranch.swift */,
				0C022BFE27A42CCC00B2E88A /* Trunk.swift */,
				75100A5427A5AA81006ACB87 /* Background.swift */,
				75100A6527A60054006ACB87 /* Sun.swift */,
				7549C06027A574CE009E993B /* Branch.swift */,
				0C022C0027A61DF200B2E88A /* GameOverOverlay.swift */,
				757BBD4E27A9592300827E15 /* Scoreboard.swift */,
				0C5DC99427AAC56600EE79E8 /* Intro.swift */,
				0C9603E327AEC21D000F31E1 /* GameInstructions.swift */,
				0C9603E727AF2837000F31E1 /* GameCamera.swift */,
				0C4616D427AC5E890035EC39 /* HorizontalScreenSide.swift */,
				0C810E3927B5532700B9989E /* CauseOfGameOver.swift */,
				0C98113027BB129D00E3F0F3 /* Fire.swift */,
				0C244F5B27C41AE500541B36 /* Coin.swift */,
				7569C3A027C6703500A509C3 /* ShopItem.swift */,
				7569C3B027C91E6900A509C3 /* HomeButtons.swift */,
			);
			path = Models;
			sourceTree = "<group>";
		};
		754374FF27B688FF0017A658 /* GoogleAds */ = {
			isa = PBXGroup;
			children = (
				7543750027B689120017A658 /* AdManager.swift */,
			);
			path = GoogleAds;
			sourceTree = "<group>";
		};
		7569C3A427C6775B00A509C3 /* Components */ = {
			isa = PBXGroup;
			children = (
				0C9603FB27B2BA74000F31E1 /* MenuView.swift */,
				7569C3A527C6778300A509C3 /* UnderShopView.swift */,
				7569C3AB27C7AA3C00A509C3 /* PurchaseButton.swift */,
				7569C3A927C67A7000A509C3 /* UserCoinsView.swift */,
				7569C3A727C6792F00A509C3 /* ShopItemView.swift */,
				7569C3B227CE72D600A509C3 /* ExitButton.swift */,
			);
			path = Components;
			sourceTree = "<group>";
		};
		757BBD4D27A9590F00827E15 /* Singletons */ = {
			isa = PBXGroup;
			children = (
				0C244F5D27C441C900541B36 /* CoinManager.swift */,
				758812B927A81E5C00CB693A /* Score.swift */,
				75EAA84927B2CD1E00FFC8EF /* MusicPlayer.swift */,
				0C810E3527B5405A00B9989E /* GameCrashlytics.swift */,
				0C810E3727B54BA700B9989E /* GameAnalytics.swift */,
			);
			path = Singletons;
			sourceTree = "<group>";
		};
		EA384D244D870DC8BCEEE9C2 /* Pods */ = {
			isa = PBXGroup;
			children = (
				B8F704CA60D0C1A95D98FB7B /* Pods-the-seed-game.debug.xcconfig */,
				4EC6E76C9C391AD77D7D8729 /* Pods-the-seed-game.release.xcconfig */,
			);
			path = Pods;
			sourceTree = "<group>";
		};
/* End PBXGroup section */

/* Begin PBXNativeTarget section */
		0C022BE027A42C7B00B2E88A /* the-seed-game */ = {
			isa = PBXNativeTarget;
			buildConfigurationList = 0C022BF827A42C7D00B2E88A /* Build configuration list for PBXNativeTarget "the-seed-game" */;
			buildPhases = (
				B4CF2FC3AD88EAE1D12B26FE /* [CP] Check Pods Manifest.lock */,
				0C022BDD27A42C7B00B2E88A /* Sources */,
				0C022BDE27A42C7B00B2E88A /* Frameworks */,
				0C022BDF27A42C7B00B2E88A /* Resources */,
				CB0BCF14650B7E9F32C5A3DA /* [CP] Embed Pods Frameworks */,
				0C810E3427B537D800B9989E /* ShellScript */,
			);
			buildRules = (
			);
			dependencies = (
			);
			name = "the-seed-game";
			productName = "the-seed-game";
			productReference = 0C022BE127A42C7B00B2E88A /* GGiant.app */;
			productType = "com.apple.product-type.application";
		};
/* End PBXNativeTarget section */

/* Begin PBXProject section */
		0C022BD927A42C7B00B2E88A /* Project object */ = {
			isa = PBXProject;
			attributes = {
				BuildIndependentTargetsInParallel = 1;
				LastSwiftUpdateCheck = 1300;
				LastUpgradeCheck = 1300;
				TargetAttributes = {
					0C022BE027A42C7B00B2E88A = {
						CreatedOnToolsVersion = 13.0;
					};
				};
			};
			buildConfigurationList = 0C022BDC27A42C7B00B2E88A /* Build configuration list for PBXProject "the-seed-game" */;
			compatibilityVersion = "Xcode 13.0";
			developmentRegion = en;
			hasScannedForEncodings = 0;
			knownRegions = (
				en,
				Base,
			);
			mainGroup = 0C022BD827A42C7B00B2E88A;
			productRefGroup = 0C022BE227A42C7B00B2E88A /* Products */;
			projectDirPath = "";
			projectRoot = "";
			targets = (
				0C022BE027A42C7B00B2E88A /* the-seed-game */,
			);
		};
/* End PBXProject section */

/* Begin PBXResourcesBuildPhase section */
		0C022BDF27A42C7B00B2E88A /* Resources */ = {
			isa = PBXResourcesBuildPhase;
			buildActionMask = 2147483647;
			files = (
				75EAA84C27B2CD8600FFC8EF /* background.mp3 in Resources */,
				0C022BF027A42C7B00B2E88A /* Main.storyboard in Resources */,
				7569C3AF27C7B6DD00A509C3 /* Sketch.ttf in Resources */,
				0C810E3327B5344D00B9989E /* GoogleService-Info.plist in Resources */,
				0C022BF227A42C7D00B2E88A /* Assets.xcassets in Resources */,
				0C022BF527A42C7D00B2E88A /* LaunchScreen.storyboard in Resources */,
			);
			runOnlyForDeploymentPostprocessing = 0;
		};
/* End PBXResourcesBuildPhase section */

/* Begin PBXShellScriptBuildPhase section */
		0C810E3427B537D800B9989E /* ShellScript */ = {
			isa = PBXShellScriptBuildPhase;
			buildActionMask = 2147483647;
			files = (
			);
			inputFileListPaths = (
			);
			inputPaths = (
				"${DWARF_DSYM_FOLDER_PATH}/${DWARF_DSYM_FILE_NAME}/Contents/Resources/DWARF/${TARGET_NAME}",
				"$(SRCROOT)/$(BUILT_PRODUCTS_DIR)/$(INFOPLIST_PATH)",
			);
			outputFileListPaths = (
			);
			outputPaths = (
			);
			runOnlyForDeploymentPostprocessing = 0;
			shellPath = /bin/sh;
			shellScript = "\"${PODS_ROOT}/FirebaseCrashlytics/run\"\n";
		};
		B4CF2FC3AD88EAE1D12B26FE /* [CP] Check Pods Manifest.lock */ = {
			isa = PBXShellScriptBuildPhase;
			buildActionMask = 2147483647;
			files = (
			);
			inputFileListPaths = (
			);
			inputPaths = (
				"${PODS_PODFILE_DIR_PATH}/Podfile.lock",
				"${PODS_ROOT}/Manifest.lock",
			);
			name = "[CP] Check Pods Manifest.lock";
			outputFileListPaths = (
			);
			outputPaths = (
				"$(DERIVED_FILE_DIR)/Pods-the-seed-game-checkManifestLockResult.txt",
			);
			runOnlyForDeploymentPostprocessing = 0;
			shellPath = /bin/sh;
			shellScript = "diff \"${PODS_PODFILE_DIR_PATH}/Podfile.lock\" \"${PODS_ROOT}/Manifest.lock\" > /dev/null\nif [ $? != 0 ] ; then\n    # print error to STDERR\n    echo \"error: The sandbox is not in sync with the Podfile.lock. Run 'pod install' or update your CocoaPods installation.\" >&2\n    exit 1\nfi\n# This output is used by Xcode 'outputs' to avoid re-running this script phase.\necho \"SUCCESS\" > \"${SCRIPT_OUTPUT_FILE_0}\"\n";
			showEnvVarsInLog = 0;
		};
		CB0BCF14650B7E9F32C5A3DA /* [CP] Embed Pods Frameworks */ = {
			isa = PBXShellScriptBuildPhase;
			buildActionMask = 2147483647;
			files = (
			);
			inputFileListPaths = (
				"${PODS_ROOT}/Target Support Files/Pods-the-seed-game/Pods-the-seed-game-frameworks-${CONFIGURATION}-input-files.xcfilelist",
			);
			name = "[CP] Embed Pods Frameworks";
			outputFileListPaths = (
				"${PODS_ROOT}/Target Support Files/Pods-the-seed-game/Pods-the-seed-game-frameworks-${CONFIGURATION}-output-files.xcfilelist",
			);
			runOnlyForDeploymentPostprocessing = 0;
			shellPath = /bin/sh;
			shellScript = "\"${PODS_ROOT}/Target Support Files/Pods-the-seed-game/Pods-the-seed-game-frameworks.sh\"\n";
			showEnvVarsInLog = 0;
		};
/* End PBXShellScriptBuildPhase section */

/* Begin PBXSourcesBuildPhase section */
		0C022BDD27A42C7B00B2E88A /* Sources */ = {
			isa = PBXSourcesBuildPhase;
			buildActionMask = 2147483647;
			files = (
				758812BA27A81E5C00CB693A /* Score.swift in Sources */,
				0C022BFD27A42CB300B2E88A /* SKScene+Trunk.swift in Sources */,
				7569C3A127C6703500A509C3 /* ShopItem.swift in Sources */,
				75100A6027A5CF80006ACB87 /* LittleBranch.swift in Sources */,
				0C4616D527AC5E890035EC39 /* HorizontalScreenSide.swift in Sources */,
				0C810E3A27B5532700B9989E /* CauseOfGameOver.swift in Sources */,
				75100A6627A60054006ACB87 /* Sun.swift in Sources */,
				7549C06127A574CE009E993B /* Branch.swift in Sources */,
				0C022BFF27A42CCC00B2E88A /* Trunk.swift in Sources */,
				7569C3A627C6778400A509C3 /* UnderShopView.swift in Sources */,
				75100A5527A5AA81006ACB87 /* Background.swift in Sources */,
				75EAA84A27B2CD1E00FFC8EF /* MusicPlayer.swift in Sources */,
				0C9603E027AD55BF000F31E1 /* CGPoint+.swift in Sources */,
				7569C3B327CE72D600A509C3 /* ExitButton.swift in Sources */,
				0C9603E427AEC21D000F31E1 /* GameInstructions.swift in Sources */,
				0C98113127BB129D00E3F0F3 /* Fire.swift in Sources */,
				75100A5727A5AD51006ACB87 /* SKScene+Background.swift in Sources */,
				0C022BEB27A42C7B00B2E88A /* GameScene.swift in Sources */,
				757BBD4F27A9592300827E15 /* Scoreboard.swift in Sources */,
				0C9603EA27AF2930000F31E1 /* SKScene+GameCamera.swift in Sources */,
				0C5DC99527AAC56600EE79E8 /* Intro.swift in Sources */,
				0C244F5E27C441C900541B36 /* CoinManager.swift in Sources */,
				0C810E3827B54BA700B9989E /* GameAnalytics.swift in Sources */,
				0C022C0327A81A7600B2E88A /* SKScene+GameOverOverlay.swift in Sources */,
				7569C39F27C6700000A509C3 /* ShopManager.swift in Sources */,
				0C4616D227AC118D0035EC39 /* DifficultyManager.swift in Sources */,
				0C9603FC27B2BA74000F31E1 /* MenuView.swift in Sources */,
				75100A6827A600CF006ACB87 /* SKScene+Sun.swift in Sources */,
				7569C3B127C91E6900A509C3 /* HomeButtons.swift in Sources */,
				0C810E3627B5405A00B9989E /* GameCrashlytics.swift in Sources */,
				75100A5327A58769006ACB87 /* SKScene+Branch.swift in Sources */,
				75100A5927A5B51F006ACB87 /* GameStatus.swift in Sources */,
				7569C3A327C6774700A509C3 /* UnderShopViewController.swift in Sources */,
				0C5DC99727AACD1700EE79E8 /* SKScene+Intro.swift in Sources */,
				0C022C0127A61DF200B2E88A /* GameOverOverlay.swift in Sources */,
				756C9F7A27BB2EEE00B011F0 /* AchievementManager.swift in Sources */,
				0C022BED27A42C7B00B2E88A /* GameViewController.swift in Sources */,
				75100A5B27A5B5A5006ACB87 /* Walls.swift in Sources */,
				0C9603E827AF2837000F31E1 /* GameCamera.swift in Sources */,
				7543750127B689120017A658 /* AdManager.swift in Sources */,
				7569C3AC27C7AA3C00A509C3 /* PurchaseButton.swift in Sources */,
				0C022BE527A42C7B00B2E88A /* AppDelegate.swift in Sources */,
				0C244F5C27C41AE500541B36 /* Coin.swift in Sources */,
				7569C3AA27C67A7000A509C3 /* UserCoinsView.swift in Sources */,
				75100A6227A5D2D3006ACB87 /* SKScene+LittleTrunk.swift in Sources */,
				0C9603E627AECE27000F31E1 /* SKScene+GameInstructions.swift in Sources */,
				7569C3A827C6792F00A509C3 /* ShopItemView.swift in Sources */,
			);
			runOnlyForDeploymentPostprocessing = 0;
		};
/* End PBXSourcesBuildPhase section */

/* Begin PBXVariantGroup section */
		0C022BEE27A42C7B00B2E88A /* Main.storyboard */ = {
			isa = PBXVariantGroup;
			children = (
				0C022BEF27A42C7B00B2E88A /* Base */,
			);
			name = Main.storyboard;
			sourceTree = "<group>";
		};
		0C022BF327A42C7D00B2E88A /* LaunchScreen.storyboard */ = {
			isa = PBXVariantGroup;
			children = (
				0C022BF427A42C7D00B2E88A /* Base */,
			);
			name = LaunchScreen.storyboard;
			sourceTree = "<group>";
		};
/* End PBXVariantGroup section */

/* Begin XCBuildConfiguration section */
		0C022BF627A42C7D00B2E88A /* Debug */ = {
			isa = XCBuildConfiguration;
			buildSettings = {
				ALWAYS_SEARCH_USER_PATHS = NO;
				CLANG_ANALYZER_NONNULL = YES;
				CLANG_ANALYZER_NUMBER_OBJECT_CONVERSION = YES_AGGRESSIVE;
				CLANG_CXX_LANGUAGE_STANDARD = "gnu++17";
				CLANG_CXX_LIBRARY = "libc++";
				CLANG_ENABLE_MODULES = YES;
				CLANG_ENABLE_OBJC_ARC = YES;
				CLANG_ENABLE_OBJC_WEAK = YES;
				CLANG_WARN_BLOCK_CAPTURE_AUTORELEASING = YES;
				CLANG_WARN_BOOL_CONVERSION = YES;
				CLANG_WARN_COMMA = YES;
				CLANG_WARN_CONSTANT_CONVERSION = YES;
				CLANG_WARN_DEPRECATED_OBJC_IMPLEMENTATIONS = YES;
				CLANG_WARN_DIRECT_OBJC_ISA_USAGE = YES_ERROR;
				CLANG_WARN_DOCUMENTATION_COMMENTS = YES;
				CLANG_WARN_EMPTY_BODY = YES;
				CLANG_WARN_ENUM_CONVERSION = YES;
				CLANG_WARN_INFINITE_RECURSION = YES;
				CLANG_WARN_INT_CONVERSION = YES;
				CLANG_WARN_NON_LITERAL_NULL_CONVERSION = YES;
				CLANG_WARN_OBJC_IMPLICIT_RETAIN_SELF = YES;
				CLANG_WARN_OBJC_LITERAL_CONVERSION = YES;
				CLANG_WARN_OBJC_ROOT_CLASS = YES_ERROR;
				CLANG_WARN_QUOTED_INCLUDE_IN_FRAMEWORK_HEADER = YES;
				CLANG_WARN_RANGE_LOOP_ANALYSIS = YES;
				CLANG_WARN_STRICT_PROTOTYPES = YES;
				CLANG_WARN_SUSPICIOUS_MOVE = YES;
				CLANG_WARN_UNGUARDED_AVAILABILITY = YES_AGGRESSIVE;
				CLANG_WARN_UNREACHABLE_CODE = YES;
				CLANG_WARN__DUPLICATE_METHOD_MATCH = YES;
				COPY_PHASE_STRIP = NO;
				DEBUG_INFORMATION_FORMAT = dwarf;
				ENABLE_STRICT_OBJC_MSGSEND = YES;
				ENABLE_TESTABILITY = YES;
				GCC_C_LANGUAGE_STANDARD = gnu11;
				GCC_DYNAMIC_NO_PIC = NO;
				GCC_NO_COMMON_BLOCKS = YES;
				GCC_OPTIMIZATION_LEVEL = 0;
				GCC_PREPROCESSOR_DEFINITIONS = (
					"DEBUG=1",
					"$(inherited)",
				);
				GCC_WARN_64_TO_32_BIT_CONVERSION = YES;
				GCC_WARN_ABOUT_RETURN_TYPE = YES_ERROR;
				GCC_WARN_UNDECLARED_SELECTOR = YES;
				GCC_WARN_UNINITIALIZED_AUTOS = YES_AGGRESSIVE;
				GCC_WARN_UNUSED_FUNCTION = YES;
				GCC_WARN_UNUSED_VARIABLE = YES;
				IPHONEOS_DEPLOYMENT_TARGET = 15.0;
				MTL_ENABLE_DEBUG_INFO = INCLUDE_SOURCE;
				MTL_FAST_MATH = YES;
				ONLY_ACTIVE_ARCH = YES;
				SDKROOT = iphoneos;
				SWIFT_ACTIVE_COMPILATION_CONDITIONS = DEBUG;
				SWIFT_OPTIMIZATION_LEVEL = "-Onone";
			};
			name = Debug;
		};
		0C022BF727A42C7D00B2E88A /* Release */ = {
			isa = XCBuildConfiguration;
			buildSettings = {
				ALWAYS_SEARCH_USER_PATHS = NO;
				CLANG_ANALYZER_NONNULL = YES;
				CLANG_ANALYZER_NUMBER_OBJECT_CONVERSION = YES_AGGRESSIVE;
				CLANG_CXX_LANGUAGE_STANDARD = "gnu++17";
				CLANG_CXX_LIBRARY = "libc++";
				CLANG_ENABLE_MODULES = YES;
				CLANG_ENABLE_OBJC_ARC = YES;
				CLANG_ENABLE_OBJC_WEAK = YES;
				CLANG_WARN_BLOCK_CAPTURE_AUTORELEASING = YES;
				CLANG_WARN_BOOL_CONVERSION = YES;
				CLANG_WARN_COMMA = YES;
				CLANG_WARN_CONSTANT_CONVERSION = YES;
				CLANG_WARN_DEPRECATED_OBJC_IMPLEMENTATIONS = YES;
				CLANG_WARN_DIRECT_OBJC_ISA_USAGE = YES_ERROR;
				CLANG_WARN_DOCUMENTATION_COMMENTS = YES;
				CLANG_WARN_EMPTY_BODY = YES;
				CLANG_WARN_ENUM_CONVERSION = YES;
				CLANG_WARN_INFINITE_RECURSION = YES;
				CLANG_WARN_INT_CONVERSION = YES;
				CLANG_WARN_NON_LITERAL_NULL_CONVERSION = YES;
				CLANG_WARN_OBJC_IMPLICIT_RETAIN_SELF = YES;
				CLANG_WARN_OBJC_LITERAL_CONVERSION = YES;
				CLANG_WARN_OBJC_ROOT_CLASS = YES_ERROR;
				CLANG_WARN_QUOTED_INCLUDE_IN_FRAMEWORK_HEADER = YES;
				CLANG_WARN_RANGE_LOOP_ANALYSIS = YES;
				CLANG_WARN_STRICT_PROTOTYPES = YES;
				CLANG_WARN_SUSPICIOUS_MOVE = YES;
				CLANG_WARN_UNGUARDED_AVAILABILITY = YES_AGGRESSIVE;
				CLANG_WARN_UNREACHABLE_CODE = YES;
				CLANG_WARN__DUPLICATE_METHOD_MATCH = YES;
				COPY_PHASE_STRIP = NO;
				DEBUG_INFORMATION_FORMAT = "dwarf-with-dsym";
				ENABLE_NS_ASSERTIONS = NO;
				ENABLE_STRICT_OBJC_MSGSEND = YES;
				GCC_C_LANGUAGE_STANDARD = gnu11;
				GCC_NO_COMMON_BLOCKS = YES;
				GCC_WARN_64_TO_32_BIT_CONVERSION = YES;
				GCC_WARN_ABOUT_RETURN_TYPE = YES_ERROR;
				GCC_WARN_UNDECLARED_SELECTOR = YES;
				GCC_WARN_UNINITIALIZED_AUTOS = YES_AGGRESSIVE;
				GCC_WARN_UNUSED_FUNCTION = YES;
				GCC_WARN_UNUSED_VARIABLE = YES;
				IPHONEOS_DEPLOYMENT_TARGET = 15.0;
				MTL_ENABLE_DEBUG_INFO = NO;
				MTL_FAST_MATH = YES;
				SDKROOT = iphoneos;
				SWIFT_COMPILATION_MODE = wholemodule;
				SWIFT_OPTIMIZATION_LEVEL = "-O";
				VALIDATE_PRODUCT = YES;
			};
			name = Release;
		};
		0C022BF927A42C7D00B2E88A /* Debug */ = {
			isa = XCBuildConfiguration;
			baseConfigurationReference = B8F704CA60D0C1A95D98FB7B /* Pods-the-seed-game.debug.xcconfig */;
			buildSettings = {
				ASSETCATALOG_COMPILER_APPICON_NAME = AppIcon;
				ASSETCATALOG_COMPILER_GLOBAL_ACCENT_COLOR_NAME = AccentColor;
				ASSETCATALOG_COMPILER_INCLUDE_ALL_APPICON_ASSETS = YES;
				CODE_SIGN_IDENTITY = "iPhone Developer";
				CODE_SIGN_STYLE = Manual;
				CURRENT_PROJECT_VERSION = 1.11;
				DEBUG_INFORMATION_FORMAT = "dwarf-with-dsym";
				DEVELOPMENT_TEAM = C7K95G5W2H;
				GENERATE_INFOPLIST_FILE = YES;
				INFOPLIST_FILE = "the-seed-game/Info.plist";
				INFOPLIST_KEY_UIApplicationSupportsIndirectInputEvents = YES;
				INFOPLIST_KEY_UILaunchStoryboardName = LaunchScreen;
				INFOPLIST_KEY_UIMainStoryboardFile = Main;
				INFOPLIST_KEY_UIRequiredDeviceCapabilities = gamekit;
				INFOPLIST_KEY_UIStatusBarHidden = YES;
				INFOPLIST_KEY_UISupportedInterfaceOrientations = UIInterfaceOrientationPortrait;
				INFOPLIST_KEY_UISupportedInterfaceOrientations_iPad = "UIInterfaceOrientationPortrait UIInterfaceOrientationPortraitUpsideDown UIInterfaceOrientationLandscapeLeft UIInterfaceOrientationLandscapeRight";
				INFOPLIST_KEY_UISupportedInterfaceOrientations_iPhone = UIInterfaceOrientationPortrait;
				IPHONEOS_DEPLOYMENT_TARGET = 15.0;
				LD_RUNPATH_SEARCH_PATHS = (
					"$(inherited)",
					"@executable_path/Frameworks",
				);
				MARKETING_VERSION = 1.0;
				PRODUCT_BUNDLE_IDENTIFIER = com.kumpupp.greengiant;
				PRODUCT_NAME = GGiant;
				PROVISIONING_PROFILE_SPECIFIER = "Provisioning Profile";
				SWIFT_EMIT_LOC_STRINGS = YES;
				SWIFT_VERSION = 5.0;
				TARGETED_DEVICE_FAMILY = "1,2";
			};
			name = Debug;
		};
		0C022BFA27A42C7D00B2E88A /* Release */ = {
			isa = XCBuildConfiguration;
			baseConfigurationReference = 4EC6E76C9C391AD77D7D8729 /* Pods-the-seed-game.release.xcconfig */;
			buildSettings = {
				ASSETCATALOG_COMPILER_APPICON_NAME = AppIcon;
				ASSETCATALOG_COMPILER_GLOBAL_ACCENT_COLOR_NAME = AccentColor;
				ASSETCATALOG_COMPILER_INCLUDE_ALL_APPICON_ASSETS = YES;
				CODE_SIGN_IDENTITY = "iPhone Developer";
				CODE_SIGN_STYLE = Manual;
				CURRENT_PROJECT_VERSION = 1.11;
				DEVELOPMENT_TEAM = C7K95G5W2H;
				GENERATE_INFOPLIST_FILE = YES;
				INFOPLIST_FILE = "the-seed-game/Info.plist";
				INFOPLIST_KEY_UIApplicationSupportsIndirectInputEvents = YES;
				INFOPLIST_KEY_UILaunchStoryboardName = LaunchScreen;
				INFOPLIST_KEY_UIMainStoryboardFile = Main;
				INFOPLIST_KEY_UIRequiredDeviceCapabilities = gamekit;
				INFOPLIST_KEY_UIStatusBarHidden = YES;
				INFOPLIST_KEY_UISupportedInterfaceOrientations = UIInterfaceOrientationPortrait;
				INFOPLIST_KEY_UISupportedInterfaceOrientations_iPad = "UIInterfaceOrientationPortrait UIInterfaceOrientationPortraitUpsideDown UIInterfaceOrientationLandscapeLeft UIInterfaceOrientationLandscapeRight";
				INFOPLIST_KEY_UISupportedInterfaceOrientations_iPhone = UIInterfaceOrientationPortrait;
				IPHONEOS_DEPLOYMENT_TARGET = 15.0;
				LD_RUNPATH_SEARCH_PATHS = (
					"$(inherited)",
					"@executable_path/Frameworks",
				);
				MARKETING_VERSION = 1.0;
				PRODUCT_BUNDLE_IDENTIFIER = com.kumpupp.greengiant;
				PRODUCT_NAME = GGiant;
				PROVISIONING_PROFILE_SPECIFIER = "Provisioning Profile";
				SWIFT_EMIT_LOC_STRINGS = YES;
				SWIFT_VERSION = 5.0;
				TARGETED_DEVICE_FAMILY = "1,2";
			};
			name = Release;
		};
/* End XCBuildConfiguration section */

/* Begin XCConfigurationList section */
		0C022BDC27A42C7B00B2E88A /* Build configuration list for PBXProject "the-seed-game" */ = {
			isa = XCConfigurationList;
			buildConfigurations = (
				0C022BF627A42C7D00B2E88A /* Debug */,
				0C022BF727A42C7D00B2E88A /* Release */,
			);
			defaultConfigurationIsVisible = 0;
			defaultConfigurationName = Release;
		};
		0C022BF827A42C7D00B2E88A /* Build configuration list for PBXNativeTarget "the-seed-game" */ = {
			isa = XCConfigurationList;
			buildConfigurations = (
				0C022BF927A42C7D00B2E88A /* Debug */,
				0C022BFA27A42C7D00B2E88A /* Release */,
			);
			defaultConfigurationIsVisible = 0;
			defaultConfigurationName = Release;
		};
/* End XCConfigurationList section */
	};
	rootObject = 0C022BD927A42C7B00B2E88A /* Project object */;
}
