// !$*UTF8*$!
{
	archiveVersion = 1;
	classes = {
	};
	objectVersion = 55;
	objects = {

/* Begin PBXBuildFile section */
		0C022BE527A42C7B00B2E88A /* AppDelegate.swift in Sources */ = {isa = PBXBuildFile; fileRef = 0C022BE427A42C7B00B2E88A /* AppDelegate.swift */; };
		0C022BEB27A42C7B00B2E88A /* GameScene.swift in Sources */ = {isa = PBXBuildFile; fileRef = 0C022BEA27A42C7B00B2E88A /* GameScene.swift */; };
		0C022BED27A42C7B00B2E88A /* GameViewController.swift in Sources */ = {isa = PBXBuildFile; fileRef = 0C022BEC27A42C7B00B2E88A /* GameViewController.swift */; };
		0C022BF027A42C7B00B2E88A /* Main.storyboard in Resources */ = {isa = PBXBuildFile; fileRef = 0C022BEE27A42C7B00B2E88A /* Main.storyboard */; };
		0C022BF227A42C7D00B2E88A /* Assets.xcassets in Resources */ = {isa = PBXBuildFile; fileRef = 0C022BF127A42C7D00B2E88A /* Assets.xcassets */; };
		0C022BF527A42C7D00B2E88A /* LaunchScreen.storyboard in Resources */ = {isa = PBXBuildFile; fileRef = 0C022BF327A42C7D00B2E88A /* LaunchScreen.storyboard */; };
		0C022BFD27A42CB300B2E88A /* SKScene+Trunk.swift in Sources */ = {isa = PBXBuildFile; fileRef = 0C022BFC27A42CB300B2E88A /* SKScene+Trunk.swift */; };
		0C022BFF27A42CCC00B2E88A /* Trunk.swift in Sources */ = {isa = PBXBuildFile; fileRef = 0C022BFE27A42CCC00B2E88A /* Trunk.swift */; };
		0C022C0127A61DF200B2E88A /* GameOverOverlay.swift in Sources */ = {isa = PBXBuildFile; fileRef = 0C022C0027A61DF200B2E88A /* GameOverOverlay.swift */; };
		0C022C0327A81A7600B2E88A /* SKScene+GameOverOverlay.swift in Sources */ = {isa = PBXBuildFile; fileRef = 0C022C0227A81A7600B2E88A /* SKScene+GameOverOverlay.swift */; };
		75100A5327A58769006ACB87 /* SKScene+Branch.swift in Sources */ = {isa = PBXBuildFile; fileRef = 75100A5227A58769006ACB87 /* SKScene+Branch.swift */; };
		75100A5527A5AA81006ACB87 /* Background.swift in Sources */ = {isa = PBXBuildFile; fileRef = 75100A5427A5AA81006ACB87 /* Background.swift */; };
		75100A5727A5AD51006ACB87 /* SKScene+Background.swift in Sources */ = {isa = PBXBuildFile; fileRef = 75100A5627A5AD51006ACB87 /* SKScene+Background.swift */; };
		75100A5927A5B51F006ACB87 /* GameStatus.swift in Sources */ = {isa = PBXBuildFile; fileRef = 75100A5827A5B51F006ACB87 /* GameStatus.swift */; };
		75100A5B27A5B5A5006ACB87 /* Walls.swift in Sources */ = {isa = PBXBuildFile; fileRef = 75100A5A27A5B5A5006ACB87 /* Walls.swift */; };
		75100A6027A5CF80006ACB87 /* LittleBranch.swift in Sources */ = {isa = PBXBuildFile; fileRef = 75100A5F27A5CF80006ACB87 /* LittleBranch.swift */; };
		75100A6227A5D2D3006ACB87 /* SKScene+LittleTrunk.swift in Sources */ = {isa = PBXBuildFile; fileRef = 75100A6127A5D2D3006ACB87 /* SKScene+LittleTrunk.swift */; };
		75100A6627A60054006ACB87 /* Sun.swift in Sources */ = {isa = PBXBuildFile; fileRef = 75100A6527A60054006ACB87 /* Sun.swift */; };
		75100A6827A600CF006ACB87 /* SKScene+Sun.swift in Sources */ = {isa = PBXBuildFile; fileRef = 75100A6727A600CF006ACB87 /* SKScene+Sun.swift */; };
		7549C06127A574CE009E993B /* Branch.swift in Sources */ = {isa = PBXBuildFile; fileRef = 7549C06027A574CE009E993B /* Branch.swift */; };
		757BBD4F27A9592300827E15 /* Scoreboard.swift in Sources */ = {isa = PBXBuildFile; fileRef = 757BBD4E27A9592300827E15 /* Scoreboard.swift */; };
		758812BA27A81E5C00CB693A /* Score.swift in Sources */ = {isa = PBXBuildFile; fileRef = 758812B927A81E5C00CB693A /* Score.swift */; };
/* End PBXBuildFile section */

/* Begin PBXFileReference section */
		0C022BE127A42C7B00B2E88A /* GGiant.app */ = {isa = PBXFileReference; explicitFileType = wrapper.application; includeInIndex = 0; path = GGiant.app; sourceTree = BUILT_PRODUCTS_DIR; };
		0C022BE427A42C7B00B2E88A /* AppDelegate.swift */ = {isa = PBXFileReference; lastKnownFileType = sourcecode.swift; path = AppDelegate.swift; sourceTree = "<group>"; };
		0C022BEA27A42C7B00B2E88A /* GameScene.swift */ = {isa = PBXFileReference; lastKnownFileType = sourcecode.swift; path = GameScene.swift; sourceTree = "<group>"; };
		0C022BEC27A42C7B00B2E88A /* GameViewController.swift */ = {isa = PBXFileReference; lastKnownFileType = sourcecode.swift; path = GameViewController.swift; sourceTree = "<group>"; };
		0C022BEF27A42C7B00B2E88A /* Base */ = {isa = PBXFileReference; lastKnownFileType = file.storyboard; name = Base; path = Base.lproj/Main.storyboard; sourceTree = "<group>"; };
		0C022BF127A42C7D00B2E88A /* Assets.xcassets */ = {isa = PBXFileReference; lastKnownFileType = folder.assetcatalog; path = Assets.xcassets; sourceTree = "<group>"; };
		0C022BF427A42C7D00B2E88A /* Base */ = {isa = PBXFileReference; lastKnownFileType = file.storyboard; name = Base; path = Base.lproj/LaunchScreen.storyboard; sourceTree = "<group>"; };
		0C022BFC27A42CB300B2E88A /* SKScene+Trunk.swift */ = {isa = PBXFileReference; lastKnownFileType = sourcecode.swift; path = "SKScene+Trunk.swift"; sourceTree = "<group>"; };
		0C022BFE27A42CCC00B2E88A /* Trunk.swift */ = {isa = PBXFileReference; lastKnownFileType = sourcecode.swift; path = Trunk.swift; sourceTree = "<group>"; };
		0C022C0027A61DF200B2E88A /* GameOverOverlay.swift */ = {isa = PBXFileReference; lastKnownFileType = sourcecode.swift; path = GameOverOverlay.swift; sourceTree = "<group>"; };
		0C022C0227A81A7600B2E88A /* SKScene+GameOverOverlay.swift */ = {isa = PBXFileReference; lastKnownFileType = sourcecode.swift; path = "SKScene+GameOverOverlay.swift"; sourceTree = "<group>"; };
		75100A5227A58769006ACB87 /* SKScene+Branch.swift */ = {isa = PBXFileReference; lastKnownFileType = sourcecode.swift; path = "SKScene+Branch.swift"; sourceTree = "<group>"; };
		75100A5427A5AA81006ACB87 /* Background.swift */ = {isa = PBXFileReference; lastKnownFileType = sourcecode.swift; path = Background.swift; sourceTree = "<group>"; };
		75100A5627A5AD51006ACB87 /* SKScene+Background.swift */ = {isa = PBXFileReference; lastKnownFileType = sourcecode.swift; path = "SKScene+Background.swift"; sourceTree = "<group>"; };
		75100A5827A5B51F006ACB87 /* GameStatus.swift */ = {isa = PBXFileReference; lastKnownFileType = sourcecode.swift; path = GameStatus.swift; sourceTree = "<group>"; };
		75100A5A27A5B5A5006ACB87 /* Walls.swift */ = {isa = PBXFileReference; lastKnownFileType = sourcecode.swift; path = Walls.swift; sourceTree = "<group>"; };
		75100A5F27A5CF80006ACB87 /* LittleBranch.swift */ = {isa = PBXFileReference; lastKnownFileType = sourcecode.swift; path = LittleBranch.swift; sourceTree = "<group>"; };
		75100A6127A5D2D3006ACB87 /* SKScene+LittleTrunk.swift */ = {isa = PBXFileReference; lastKnownFileType = sourcecode.swift; path = "SKScene+LittleTrunk.swift"; sourceTree = "<group>"; };
		75100A6527A60054006ACB87 /* Sun.swift */ = {isa = PBXFileReference; lastKnownFileType = sourcecode.swift; path = Sun.swift; sourceTree = "<group>"; };
		75100A6727A600CF006ACB87 /* SKScene+Sun.swift */ = {isa = PBXFileReference; lastKnownFileType = sourcecode.swift; path = "SKScene+Sun.swift"; sourceTree = "<group>"; };
		7549C06027A574CE009E993B /* Branch.swift */ = {isa = PBXFileReference; lastKnownFileType = sourcecode.swift; path = Branch.swift; sourceTree = "<group>"; };
		757BBD4E27A9592300827E15 /* Scoreboard.swift */ = {isa = PBXFileReference; lastKnownFileType = sourcecode.swift; path = Scoreboard.swift; sourceTree = "<group>"; };
		758812B927A81E5C00CB693A /* Score.swift */ = {isa = PBXFileReference; lastKnownFileType = sourcecode.swift; path = Score.swift; sourceTree = "<group>"; };
/* End PBXFileReference section */

/* Begin PBXFrameworksBuildPhase section */
		0C022BDE27A42C7B00B2E88A /* Frameworks */ = {
			isa = PBXFrameworksBuildPhase;
			buildActionMask = 2147483647;
			files = (
			);
			runOnlyForDeploymentPostprocessing = 0;
		};
/* End PBXFrameworksBuildPhase section */

/* Begin PBXGroup section */
		0C022BD827A42C7B00B2E88A = {
			isa = PBXGroup;
			children = (
				0C022BE327A42C7B00B2E88A /* the-seed-game */,
				0C022BE227A42C7B00B2E88A /* Products */,
			);
			sourceTree = "<group>";
		};
		0C022BE227A42C7B00B2E88A /* Products */ = {
			isa = PBXGroup;
			children = (
				0C022BE127A42C7B00B2E88A /* GGiant.app */,
			);
			name = Products;
			sourceTree = "<group>";
		};
		0C022BE327A42C7B00B2E88A /* the-seed-game */ = {
			isa = PBXGroup;
			children = (
				757BBD4D27A9590F00827E15 /* Singletons */,
				0C022BFB27A42CA300B2E88A /* Utils */,
				0C022BE427A42C7B00B2E88A /* AppDelegate.swift */,
				75100A5827A5B51F006ACB87 /* GameStatus.swift */,
				0C022BEA27A42C7B00B2E88A /* GameScene.swift */,
				0C022BEC27A42C7B00B2E88A /* GameViewController.swift */,
				0C022BEE27A42C7B00B2E88A /* Main.storyboard */,
				0C022BF127A42C7D00B2E88A /* Assets.xcassets */,
				0C022BF327A42C7D00B2E88A /* LaunchScreen.storyboard */,
				75100A5E27A5CF69006ACB87 /* Models */,
			);
			path = "the-seed-game";
			sourceTree = "<group>";
		};
		0C022BFB27A42CA300B2E88A /* Utils */ = {
			isa = PBXGroup;
			children = (
				0C022BFC27A42CB300B2E88A /* SKScene+Trunk.swift */,
				75100A6127A5D2D3006ACB87 /* SKScene+LittleTrunk.swift */,
				75100A6727A600CF006ACB87 /* SKScene+Sun.swift */,
				75100A5627A5AD51006ACB87 /* SKScene+Background.swift */,
				75100A5227A58769006ACB87 /* SKScene+Branch.swift */,
				0C022C0227A81A7600B2E88A /* SKScene+GameOverOverlay.swift */,
			);
			path = Utils;
			sourceTree = "<group>";
		};
		75100A5E27A5CF69006ACB87 /* Models */ = {
			isa = PBXGroup;
			children = (
				75100A5A27A5B5A5006ACB87 /* Walls.swift */,
				75100A5F27A5CF80006ACB87 /* LittleBranch.swift */,
				0C022BFE27A42CCC00B2E88A /* Trunk.swift */,
				75100A5427A5AA81006ACB87 /* Background.swift */,
				75100A6527A60054006ACB87 /* Sun.swift */,
				7549C06027A574CE009E993B /* Branch.swift */,
				0C022C0027A61DF200B2E88A /* GameOverOverlay.swift */,
				757BBD4E27A9592300827E15 /* Scoreboard.swift */,
			);
			path = Models;
			sourceTree = "<group>";
		};
		757BBD4D27A9590F00827E15 /* Singletons */ = {
			isa = PBXGroup;
			children = (
				758812B927A81E5C00CB693A /* Score.swift */,
			);
			path = Singletons;
			sourceTree = "<group>";
		};
/* End PBXGroup section */

/* Begin PBXNativeTarget section */
		0C022BE027A42C7B00B2E88A /* the-seed-game */ = {
			isa = PBXNativeTarget;
			buildConfigurationList = 0C022BF827A42C7D00B2E88A /* Build configuration list for PBXNativeTarget "the-seed-game" */;
			buildPhases = (
				0C022BDD27A42C7B00B2E88A /* Sources */,
				0C022BDE27A42C7B00B2E88A /* Frameworks */,
				0C022BDF27A42C7B00B2E88A /* Resources */,
			);
			buildRules = (
			);
			dependencies = (
			);
			name = "the-seed-game";
			productName = "the-seed-game";
			productReference = 0C022BE127A42C7B00B2E88A /* GGiant.app */;
			productType = "com.apple.product-type.application";
		};
/* End PBXNativeTarget section */

/* Begin PBXProject section */
		0C022BD927A42C7B00B2E88A /* Project object */ = {
			isa = PBXProject;
			attributes = {
				BuildIndependentTargetsInParallel = 1;
				LastSwiftUpdateCheck = 1300;
				LastUpgradeCheck = 1300;
				TargetAttributes = {
					0C022BE027A42C7B00B2E88A = {
						CreatedOnToolsVersion = 13.0;
					};
				};
			};
			buildConfigurationList = 0C022BDC27A42C7B00B2E88A /* Build configuration list for PBXProject "the-seed-game" */;
			compatibilityVersion = "Xcode 13.0";
			developmentRegion = en;
			hasScannedForEncodings = 0;
			knownRegions = (
				en,
				Base,
			);
			mainGroup = 0C022BD827A42C7B00B2E88A;
			productRefGroup = 0C022BE227A42C7B00B2E88A /* Products */;
			projectDirPath = "";
			projectRoot = "";
			targets = (
				0C022BE027A42C7B00B2E88A /* the-seed-game */,
			);
		};
/* End PBXProject section */

/* Begin PBXResourcesBuildPhase section */
		0C022BDF27A42C7B00B2E88A /* Resources */ = {
			isa = PBXResourcesBuildPhase;
			buildActionMask = 2147483647;
			files = (
				0C022BF027A42C7B00B2E88A /* Main.storyboard in Resources */,
				0C022BF227A42C7D00B2E88A /* Assets.xcassets in Resources */,
				0C022BF527A42C7D00B2E88A /* LaunchScreen.storyboard in Resources */,
			);
			runOnlyForDeploymentPostprocessing = 0;
		};
/* End PBXResourcesBuildPhase section */

/* Begin PBXSourcesBuildPhase section */
		0C022BDD27A42C7B00B2E88A /* Sources */ = {
			isa = PBXSourcesBuildPhase;
			buildActionMask = 2147483647;
			files = (
				758812BA27A81E5C00CB693A /* Score.swift in Sources */,
				0C022BFD27A42CB300B2E88A /* SKScene+Trunk.swift in Sources */,
				75100A6027A5CF80006ACB87 /* LittleBranch.swift in Sources */,
				75100A6627A60054006ACB87 /* Sun.swift in Sources */,
				7549C06127A574CE009E993B /* Branch.swift in Sources */,
				0C022BFF27A42CCC00B2E88A /* Trunk.swift in Sources */,
				75100A5527A5AA81006ACB87 /* Background.swift in Sources */,
				75100A5727A5AD51006ACB87 /* SKScene+Background.swift in Sources */,
				0C022BEB27A42C7B00B2E88A /* GameScene.swift in Sources */,
				757BBD4F27A9592300827E15 /* Scoreboard.swift in Sources */,
				0C022C0327A81A7600B2E88A /* SKScene+GameOverOverlay.swift in Sources */,
				75100A6827A600CF006ACB87 /* SKScene+Sun.swift in Sources */,
				75100A5327A58769006ACB87 /* SKScene+Branch.swift in Sources */,
				75100A5927A5B51F006ACB87 /* GameStatus.swift in Sources */,
				0C022C0127A61DF200B2E88A /* GameOverOverlay.swift in Sources */,
				0C022BED27A42C7B00B2E88A /* GameViewController.swift in Sources */,
				75100A5B27A5B5A5006ACB87 /* Walls.swift in Sources */,
				0C022BE527A42C7B00B2E88A /* AppDelegate.swift in Sources */,
				75100A6227A5D2D3006ACB87 /* SKScene+LittleTrunk.swift in Sources */,
			);
			runOnlyForDeploymentPostprocessing = 0;
		};
/* End PBXSourcesBuildPhase section */

/* Begin PBXVariantGroup section */
		0C022BEE27A42C7B00B2E88A /* Main.storyboard */ = {
			isa = PBXVariantGroup;
			children = (
				0C022BEF27A42C7B00B2E88A /* Base */,
			);
			name = Main.storyboard;
			sourceTree = "<group>";
		};
		0C022BF327A42C7D00B2E88A /* LaunchScreen.storyboard */ = {
			isa = PBXVariantGroup;
			children = (
				0C022BF427A42C7D00B2E88A /* Base */,
			);
			name = LaunchScreen.storyboard;
			sourceTree = "<group>";
		};
/* End PBXVariantGroup section */

/* Begin XCBuildConfiguration section */
		0C022BF627A42C7D00B2E88A /* Debug */ = {
			isa = XCBuildConfiguration;
			buildSettings = {
				ALWAYS_SEARCH_USER_PATHS = NO;
				CLANG_ANALYZER_NONNULL = YES;
				CLANG_ANALYZER_NUMBER_OBJECT_CONVERSION = YES_AGGRESSIVE;
				CLANG_CXX_LANGUAGE_STANDARD = "gnu++17";
				CLANG_CXX_LIBRARY = "libc++";
				CLANG_ENABLE_MODULES = YES;
				CLANG_ENABLE_OBJC_ARC = YES;
				CLANG_ENABLE_OBJC_WEAK = YES;
				CLANG_WARN_BLOCK_CAPTURE_AUTORELEASING = YES;
				CLANG_WARN_BOOL_CONVERSION = YES;
				CLANG_WARN_COMMA = YES;
				CLANG_WARN_CONSTANT_CONVERSION = YES;
				CLANG_WARN_DEPRECATED_OBJC_IMPLEMENTATIONS = YES;
				CLANG_WARN_DIRECT_OBJC_ISA_USAGE = YES_ERROR;
				CLANG_WARN_DOCUMENTATION_COMMENTS = YES;
				CLANG_WARN_EMPTY_BODY = YES;
				CLANG_WARN_ENUM_CONVERSION = YES;
				CLANG_WARN_INFINITE_RECURSION = YES;
				CLANG_WARN_INT_CONVERSION = YES;
				CLANG_WARN_NON_LITERAL_NULL_CONVERSION = YES;
				CLANG_WARN_OBJC_IMPLICIT_RETAIN_SELF = YES;
				CLANG_WARN_OBJC_LITERAL_CONVERSION = YES;
				CLANG_WARN_OBJC_ROOT_CLASS = YES_ERROR;
				CLANG_WARN_QUOTED_INCLUDE_IN_FRAMEWORK_HEADER = YES;
				CLANG_WARN_RANGE_LOOP_ANALYSIS = YES;
				CLANG_WARN_STRICT_PROTOTYPES = YES;
				CLANG_WARN_SUSPICIOUS_MOVE = YES;
				CLANG_WARN_UNGUARDED_AVAILABILITY = YES_AGGRESSIVE;
				CLANG_WARN_UNREACHABLE_CODE = YES;
				CLANG_WARN__DUPLICATE_METHOD_MATCH = YES;
				COPY_PHASE_STRIP = NO;
				DEBUG_INFORMATION_FORMAT = dwarf;
				ENABLE_STRICT_OBJC_MSGSEND = YES;
				ENABLE_TESTABILITY = YES;
				GCC_C_LANGUAGE_STANDARD = gnu11;
				GCC_DYNAMIC_NO_PIC = NO;
				GCC_NO_COMMON_BLOCKS = YES;
				GCC_OPTIMIZATION_LEVEL = 0;
				GCC_PREPROCESSOR_DEFINITIONS = (
					"DEBUG=1",
					"$(inherited)",
				);
				GCC_WARN_64_TO_32_BIT_CONVERSION = YES;
				GCC_WARN_ABOUT_RETURN_TYPE = YES_ERROR;
				GCC_WARN_UNDECLARED_SELECTOR = YES;
				GCC_WARN_UNINITIALIZED_AUTOS = YES_AGGRESSIVE;
				GCC_WARN_UNUSED_FUNCTION = YES;
				GCC_WARN_UNUSED_VARIABLE = YES;
				IPHONEOS_DEPLOYMENT_TARGET = 15.0;
				MTL_ENABLE_DEBUG_INFO = INCLUDE_SOURCE;
				MTL_FAST_MATH = YES;
				ONLY_ACTIVE_ARCH = YES;
				SDKROOT = iphoneos;
				SWIFT_ACTIVE_COMPILATION_CONDITIONS = DEBUG;
				SWIFT_OPTIMIZATION_LEVEL = "-Onone";
			};
			name = Debug;
		};
		0C022BF727A42C7D00B2E88A /* Release */ = {
			isa = XCBuildConfiguration;
			buildSettings = {
				ALWAYS_SEARCH_USER_PATHS = NO;
				CLANG_ANALYZER_NONNULL = YES;
				CLANG_ANALYZER_NUMBER_OBJECT_CONVERSION = YES_AGGRESSIVE;
				CLANG_CXX_LANGUAGE_STANDARD = "gnu++17";
				CLANG_CXX_LIBRARY = "libc++";
				CLANG_ENABLE_MODULES = YES;
				CLANG_ENABLE_OBJC_ARC = YES;
				CLANG_ENABLE_OBJC_WEAK = YES;
				CLANG_WARN_BLOCK_CAPTURE_AUTORELEASING = YES;
				CLANG_WARN_BOOL_CONVERSION = YES;
				CLANG_WARN_COMMA = YES;
				CLANG_WARN_CONSTANT_CONVERSION = YES;
				CLANG_WARN_DEPRECATED_OBJC_IMPLEMENTATIONS = YES;
				CLANG_WARN_DIRECT_OBJC_ISA_USAGE = YES_ERROR;
				CLANG_WARN_DOCUMENTATION_COMMENTS = YES;
				CLANG_WARN_EMPTY_BODY = YES;
				CLANG_WARN_ENUM_CONVERSION = YES;
				CLANG_WARN_INFINITE_RECURSION = YES;
				CLANG_WARN_INT_CONVERSION = YES;
				CLANG_WARN_NON_LITERAL_NULL_CONVERSION = YES;
				CLANG_WARN_OBJC_IMPLICIT_RETAIN_SELF = YES;
				CLANG_WARN_OBJC_LITERAL_CONVERSION = YES;
				CLANG_WARN_OBJC_ROOT_CLASS = YES_ERROR;
				CLANG_WARN_QUOTED_INCLUDE_IN_FRAMEWORK_HEADER = YES;
				CLANG_WARN_RANGE_LOOP_ANALYSIS = YES;
				CLANG_WARN_STRICT_PROTOTYPES = YES;
				CLANG_WARN_SUSPICIOUS_MOVE = YES;
				CLANG_WARN_UNGUARDED_AVAILABILITY = YES_AGGRESSIVE;
				CLANG_WARN_UNREACHABLE_CODE = YES;
				CLANG_WARN__DUPLICATE_METHOD_MATCH = YES;
				COPY_PHASE_STRIP = NO;
				DEBUG_INFORMATION_FORMAT = "dwarf-with-dsym";
				ENABLE_NS_ASSERTIONS = NO;
				ENABLE_STRICT_OBJC_MSGSEND = YES;
				GCC_C_LANGUAGE_STANDARD = gnu11;
				GCC_NO_COMMON_BLOCKS = YES;
				GCC_WARN_64_TO_32_BIT_CONVERSION = YES;
				GCC_WARN_ABOUT_RETURN_TYPE = YES_ERROR;
				GCC_WARN_UNDECLARED_SELECTOR = YES;
				GCC_WARN_UNINITIALIZED_AUTOS = YES_AGGRESSIVE;
				GCC_WARN_UNUSED_FUNCTION = YES;
				GCC_WARN_UNUSED_VARIABLE = YES;
				IPHONEOS_DEPLOYMENT_TARGET = 15.0;
				MTL_ENABLE_DEBUG_INFO = NO;
				MTL_FAST_MATH = YES;
				SDKROOT = iphoneos;
				SWIFT_COMPILATION_MODE = wholemodule;
				SWIFT_OPTIMIZATION_LEVEL = "-O";
				VALIDATE_PRODUCT = YES;
			};
			name = Release;
		};
		0C022BF927A42C7D00B2E88A /* Debug */ = {
			isa = XCBuildConfiguration;
			buildSettings = {
				ASSETCATALOG_COMPILER_APPICON_NAME = AppIcon;
				ASSETCATALOG_COMPILER_GLOBAL_ACCENT_COLOR_NAME = AccentColor;
				ASSETCATALOG_COMPILER_INCLUDE_ALL_APPICON_ASSETS = YES;
				CODE_SIGN_STYLE = Automatic;
				CURRENT_PROJECT_VERSION = 1;
				DEVELOPMENT_TEAM = C7K95G5W2H;
				GENERATE_INFOPLIST_FILE = YES;
				INFOPLIST_KEY_UIApplicationSupportsIndirectInputEvents = YES;
				INFOPLIST_KEY_UILaunchStoryboardName = LaunchScreen;
				INFOPLIST_KEY_UIMainStoryboardFile = Main;
				INFOPLIST_KEY_UIStatusBarHidden = YES;
				INFOPLIST_KEY_UISupportedInterfaceOrientations = UIInterfaceOrientationPortrait;
				INFOPLIST_KEY_UISupportedInterfaceOrientations_iPad = "UIInterfaceOrientationPortrait UIInterfaceOrientationPortraitUpsideDown UIInterfaceOrientationLandscapeLeft UIInterfaceOrientationLandscapeRight";
				INFOPLIST_KEY_UISupportedInterfaceOrientations_iPhone = "UIInterfaceOrientationPortrait UIInterfaceOrientationLandscapeLeft UIInterfaceOrientationLandscapeRight";
				IPHONEOS_DEPLOYMENT_TARGET = 15.0;
				LD_RUNPATH_SEARCH_PATHS = (
					"$(inherited)",
					"@executable_path/Frameworks",
				);
				MARKETING_VERSION = 1.0;
				PRODUCT_BUNDLE_IDENTIFIER = com.kumpupp.greengiant;
				PRODUCT_NAME = GGiant;
				SWIFT_EMIT_LOC_STRINGS = YES;
				SWIFT_VERSION = 5.0;
				TARGETED_DEVICE_FAMILY = "1,2";
			};
			name = Debug;
		};
		0C022BFA27A42C7D00B2E88A /* Release */ = {
			isa = XCBuildConfiguration;
			buildSettings = {
				ASSETCATALOG_COMPILER_APPICON_NAME = AppIcon;
				ASSETCATALOG_COMPILER_GLOBAL_ACCENT_COLOR_NAME = AccentColor;
				ASSETCATALOG_COMPILER_INCLUDE_ALL_APPICON_ASSETS = YES;
				CODE_SIGN_STYLE = Automatic;
				CURRENT_PROJECT_VERSION = 1;
				DEVELOPMENT_TEAM = C7K95G5W2H;
				GENERATE_INFOPLIST_FILE = YES;
				INFOPLIST_KEY_UIApplicationSupportsIndirectInputEvents = YES;
				INFOPLIST_KEY_UILaunchStoryboardName = LaunchScreen;
				INFOPLIST_KEY_UIMainStoryboardFile = Main;
				INFOPLIST_KEY_UIStatusBarHidden = YES;
				INFOPLIST_KEY_UISupportedInterfaceOrientations = UIInterfaceOrientationPortrait;
				INFOPLIST_KEY_UISupportedInterfaceOrientations_iPad = "UIInterfaceOrientationPortrait UIInterfaceOrientationPortraitUpsideDown UIInterfaceOrientationLandscapeLeft UIInterfaceOrientationLandscapeRight";
				INFOPLIST_KEY_UISupportedInterfaceOrientations_iPhone = "UIInterfaceOrientationPortrait UIInterfaceOrientationLandscapeLeft UIInterfaceOrientationLandscapeRight";
				IPHONEOS_DEPLOYMENT_TARGET = 15.0;
				LD_RUNPATH_SEARCH_PATHS = (
					"$(inherited)",
					"@executable_path/Frameworks",
				);
				MARKETING_VERSION = 1.0;
				PRODUCT_BUNDLE_IDENTIFIER = com.kumpupp.greengiant;
				PRODUCT_NAME = GGiant;
				SWIFT_EMIT_LOC_STRINGS = YES;
				SWIFT_VERSION = 5.0;
				TARGETED_DEVICE_FAMILY = "1,2";
			};
			name = Release;
		};
/* End XCBuildConfiguration section */

/* Begin XCConfigurationList section */
		0C022BDC27A42C7B00B2E88A /* Build configuration list for PBXProject "the-seed-game" */ = {
			isa = XCConfigurationList;
			buildConfigurations = (
				0C022BF627A42C7D00B2E88A /* Debug */,
				0C022BF727A42C7D00B2E88A /* Release */,
			);
			defaultConfigurationIsVisible = 0;
			defaultConfigurationName = Release;
		};
		0C022BF827A42C7D00B2E88A /* Build configuration list for PBXNativeTarget "the-seed-game" */ = {
			isa = XCConfigurationList;
			buildConfigurations = (
				0C022BF927A42C7D00B2E88A /* Debug */,
				0C022BFA27A42C7D00B2E88A /* Release */,
			);
			defaultConfigurationIsVisible = 0;
			defaultConfigurationName = Release;
		};
/* End XCConfigurationList section */
	};
	rootObject = 0C022BD927A42C7B00B2E88A /* Project object */;
}
